// !$*UTF8*$!
{
	archiveVersion = 1;
	classes = {
	};
	objectVersion = 55;
	objects = {

/* Begin PBXBuildFile section */
		5212EA67291A16CD007522BD /* ModelForTrainerPageInfoView.swift in Sources */ = {isa = PBXBuildFile; fileRef = 5212EA66291A16CD007522BD /* ModelForTrainerPageInfoView.swift */; };
		5212EA6A291A189E007522BD /* CellForMorePage.swift in Sources */ = {isa = PBXBuildFile; fileRef = 5212EA68291A189E007522BD /* CellForMorePage.swift */; };
		5212EA6B291A189E007522BD /* CellForMorePage.xib in Resources */ = {isa = PBXBuildFile; fileRef = 5212EA69291A189E007522BD /* CellForMorePage.xib */; };
		5212EA6E291A252F007522BD /* CellForReviewsView.swift in Sources */ = {isa = PBXBuildFile; fileRef = 5212EA6C291A252F007522BD /* CellForReviewsView.swift */; };
		5212EA6F291A252F007522BD /* CellForReviewsView.xib in Resources */ = {isa = PBXBuildFile; fileRef = 5212EA6D291A252F007522BD /* CellForReviewsView.xib */; };
		5212EA72291A53E4007522BD /* ContactPageViewController.swift in Sources */ = {isa = PBXBuildFile; fileRef = 5212EA71291A53E4007522BD /* ContactPageViewController.swift */; };
		5212EA74291A5516007522BD /* ModelForContactPage.swift in Sources */ = {isa = PBXBuildFile; fileRef = 5212EA73291A5516007522BD /* ModelForContactPage.swift */; };
		5225A7DA291BCA57008BCB3A /* DogWalkingTwoViewController.swift in Sources */ = {isa = PBXBuildFile; fileRef = 5225A7D9291BCA57008BCB3A /* DogWalkingTwoViewController.swift */; };
		5225A7DC291BCC62008BCB3A /* UploadDetailsViewController.swift in Sources */ = {isa = PBXBuildFile; fileRef = 5225A7DB291BCC62008BCB3A /* UploadDetailsViewController.swift */; };
		5225A7E1291BDC0A008BCB3A /* CellForYourPet.swift in Sources */ = {isa = PBXBuildFile; fileRef = 5225A7DF291BDC0A008BCB3A /* CellForYourPet.swift */; };
		5225A7E2291BDC0A008BCB3A /* CellForYourPet.xib in Resources */ = {isa = PBXBuildFile; fileRef = 5225A7E0291BDC0A008BCB3A /* CellForYourPet.xib */; };
		5227A0E5291298EE0025B26F /* ServicesPageViewController.swift in Sources */ = {isa = PBXBuildFile; fileRef = 5227A0E4291298EE0025B26F /* ServicesPageViewController.swift */; };
		5227A0E7291299EC0025B26F /* ModelForServicesPage.swift in Sources */ = {isa = PBXBuildFile; fileRef = 5227A0E6291299EC0025B26F /* ModelForServicesPage.swift */; };
		5227A0EC29129F260025B26F /* YourPetsViewController.swift in Sources */ = {isa = PBXBuildFile; fileRef = 5227A0EB29129F260025B26F /* YourPetsViewController.swift */; };
		5227A0F02912A0FA0025B26F /* ModelForYourPet.swift in Sources */ = {isa = PBXBuildFile; fileRef = 5227A0EF2912A0FA0025B26F /* ModelForYourPet.swift */; };
		5227A0F52912A6790025B26F /* MorePageViewController.swift in Sources */ = {isa = PBXBuildFile; fileRef = 5227A0F42912A6790025B26F /* MorePageViewController.swift */; };
		5227A0F72912A6880025B26F /* ModelForMorePage.swift in Sources */ = {isa = PBXBuildFile; fileRef = 5227A0F62912A6880025B26F /* ModelForMorePage.swift */; };
		5235B4E529154A7A00C43734 /* CellForSettingPage.swift in Sources */ = {isa = PBXBuildFile; fileRef = 5235B4E329154A7A00C43734 /* CellForSettingPage.swift */; };
		5235B4E629154A7A00C43734 /* CellForSettingPage.xib in Resources */ = {isa = PBXBuildFile; fileRef = 5235B4E429154A7A00C43734 /* CellForSettingPage.xib */; };
		5235B4E929154D8800C43734 /* SettingViewController.swift in Sources */ = {isa = PBXBuildFile; fileRef = 5235B4E729154D8800C43734 /* SettingViewController.swift */; };
		5235B4EA29154D8800C43734 /* SettingViewController.xib in Resources */ = {isa = PBXBuildFile; fileRef = 5235B4E829154D8800C43734 /* SettingViewController.xib */; };
		523A19D52918CB210034ACF5 /* ModelForSettingViewController.swift in Sources */ = {isa = PBXBuildFile; fileRef = 523A19D42918CB210034ACF5 /* ModelForSettingViewController.swift */; };
		523A19DD2918E3F30034ACF5 /* DoggyDayCareViewController.xib in Resources */ = {isa = PBXBuildFile; fileRef = 523A19DB2918E3F30034ACF5 /* DoggyDayCareViewController.xib */; };
		523A19E42918E60F0034ACF5 /* CellForDoggyDayCare.swift in Sources */ = {isa = PBXBuildFile; fileRef = 523A19E22918E60F0034ACF5 /* CellForDoggyDayCare.swift */; };
		523A19E52918E60F0034ACF5 /* CellForDoggyDayCare.xib in Resources */ = {isa = PBXBuildFile; fileRef = 523A19E32918E60F0034ACF5 /* CellForDoggyDayCare.xib */; };
		523A19E72918ED030034ACF5 /* DoggyDayCareViewController.swift in Sources */ = {isa = PBXBuildFile; fileRef = 523A19E62918ED030034ACF5 /* DoggyDayCareViewController.swift */; };
		523A19E92918FBC30034ACF5 /* ModelForDoggyDayCare.swift in Sources */ = {isa = PBXBuildFile; fileRef = 523A19E82918FBC30034ACF5 /* ModelForDoggyDayCare.swift */; };
		523A19EC291905980034ACF5 /* TrainerPageStoryBoard.storyboard in Resources */ = {isa = PBXBuildFile; fileRef = 523A19EB291905980034ACF5 /* TrainerPageStoryBoard.storyboard */; };
		523A19EE291908710034ACF5 /* CustomImageView.swift in Sources */ = {isa = PBXBuildFile; fileRef = 523A19ED291908710034ACF5 /* CustomImageView.swift */; };
		523A19F0291909A80034ACF5 /* TrainerPageViewController.swift in Sources */ = {isa = PBXBuildFile; fileRef = 523A19EF291909A80034ACF5 /* TrainerPageViewController.swift */; };
		5277694A291397E1003697BE /* CustomCornerRadiusView.swift in Sources */ = {isa = PBXBuildFile; fileRef = 52776949291397E1003697BE /* CustomCornerRadiusView.swift */; };
		527769532913B579003697BE /* InboxViewController.swift in Sources */ = {isa = PBXBuildFile; fileRef = 527769522913B579003697BE /* InboxViewController.swift */; };
		527769552913B663003697BE /* ModelForInboxPage.swift in Sources */ = {isa = PBXBuildFile; fileRef = 527769542913B663003697BE /* ModelForInboxPage.swift */; };
		5277695C2913C264003697BE /* CustomTableViewCell.swift in Sources */ = {isa = PBXBuildFile; fileRef = 5277695A2913C264003697BE /* CustomTableViewCell.swift */; };
		5277695D2913C264003697BE /* CustomTableViewCell.xib in Resources */ = {isa = PBXBuildFile; fileRef = 5277695B2913C264003697BE /* CustomTableViewCell.xib */; };
		528689952914F4980087487C /* CellForMainPage.swift in Sources */ = {isa = PBXBuildFile; fileRef = 528689932914F4980087487C /* CellForMainPage.swift */; };
		528689962914F4980087487C /* CellForMainPage.xib in Resources */ = {isa = PBXBuildFile; fileRef = 528689942914F4980087487C /* CellForMainPage.xib */; };
		52868999291518760087487C /* CellForServicePage.swift in Sources */ = {isa = PBXBuildFile; fileRef = 52868997291518760087487C /* CellForServicePage.swift */; };
		5286899A291518760087487C /* CellForServicePage.xib in Resources */ = {isa = PBXBuildFile; fileRef = 52868998291518760087487C /* CellForServicePage.xib */; };
		5286899E291523120087487C /* MainTabBarController.swift in Sources */ = {isa = PBXBuildFile; fileRef = 5286899D291523120087487C /* MainTabBarController.swift */; };
		528689A3291527500087487C /* AddAPet.storyboard in Resources */ = {isa = PBXBuildFile; fileRef = 528689A2291527500087487C /* AddAPet.storyboard */; };
		528689A5291545A90087487C /* AddAPetViewController.swift in Sources */ = {isa = PBXBuildFile; fileRef = 528689A4291545A90087487C /* AddAPetViewController.swift */; };
		528837F429122E5A009A4D59 /* RobotoSlab-Regular.ttf in Resources */ = {isa = PBXBuildFile; fileRef = 528837EB29122E5A009A4D59 /* RobotoSlab-Regular.ttf */; };
		528837F629122E5A009A4D59 /* RobotoSlab-Light.ttf in Resources */ = {isa = PBXBuildFile; fileRef = 528837ED29122E5A009A4D59 /* RobotoSlab-Light.ttf */; };
		528837F729122E5A009A4D59 /* RobotoSlab-Bold.ttf in Resources */ = {isa = PBXBuildFile; fileRef = 528837EE29122E5A009A4D59 /* RobotoSlab-Bold.ttf */; };
		528837F829122E5A009A4D59 /* RobotoSlab-SemiBold.ttf in Resources */ = {isa = PBXBuildFile; fileRef = 528837EF29122E5A009A4D59 /* RobotoSlab-SemiBold.ttf */; };
		528837FA29122E5A009A4D59 /* RobotoSlab-Medium.ttf in Resources */ = {isa = PBXBuildFile; fileRef = 528837F129122E5A009A4D59 /* RobotoSlab-Medium.ttf */; };
		5288380129122EA6009A4D59 /* Poppins-Regular.ttf in Resources */ = {isa = PBXBuildFile; fileRef = 528837FB29122EA6009A4D59 /* Poppins-Regular.ttf */; };
		5288380229122EA6009A4D59 /* Poppins-Bold.ttf in Resources */ = {isa = PBXBuildFile; fileRef = 528837FC29122EA6009A4D59 /* Poppins-Bold.ttf */; };
		5288380329122EA6009A4D59 /* Poppins-SemiBold.ttf in Resources */ = {isa = PBXBuildFile; fileRef = 528837FD29122EA6009A4D59 /* Poppins-SemiBold.ttf */; };
		5288380629122EA6009A4D59 /* Poppins-Medium.ttf in Resources */ = {isa = PBXBuildFile; fileRef = 5288380029122EA6009A4D59 /* Poppins-Medium.ttf */; };
		52883809291230C7009A4D59 /* Constants.swift in Sources */ = {isa = PBXBuildFile; fileRef = 52883808291230C7009A4D59 /* Constants.swift */; };
		5288380B291231E6009A4D59 /* ModelForIntrodcutoryPage.swift in Sources */ = {isa = PBXBuildFile; fileRef = 5288380A291231E6009A4D59 /* ModelForIntrodcutoryPage.swift */; };
		5288381029124DAF009A4D59 /* GettingStarted.storyboard in Resources */ = {isa = PBXBuildFile; fileRef = 5288380F29124DAF009A4D59 /* GettingStarted.storyboard */; };
		5288381529126188009A4D59 /* GettingStartedViewController.swift in Sources */ = {isa = PBXBuildFile; fileRef = 5288381429126188009A4D59 /* GettingStartedViewController.swift */; };
		5288381A29126648009A4D59 /* CustomUIButtom.swift in Sources */ = {isa = PBXBuildFile; fileRef = 5288381929126648009A4D59 /* CustomUIButtom.swift */; };
		5288381E2912829A009A4D59 /* MainTabBar.storyboard in Resources */ = {isa = PBXBuildFile; fileRef = 5288381D2912829A009A4D59 /* MainTabBar.storyboard */; };
		52AE1AB329114FF2008849CA /* AppDelegate.swift in Sources */ = {isa = PBXBuildFile; fileRef = 52AE1AB229114FF2008849CA /* AppDelegate.swift */; };
		52AE1AB529114FF2008849CA /* SceneDelegate.swift in Sources */ = {isa = PBXBuildFile; fileRef = 52AE1AB429114FF2008849CA /* SceneDelegate.swift */; };
		52AE1AB729114FF2008849CA /* ViewController.swift in Sources */ = {isa = PBXBuildFile; fileRef = 52AE1AB629114FF2008849CA /* ViewController.swift */; };
		52AE1ABA29114FF2008849CA /* Main.storyboard in Resources */ = {isa = PBXBuildFile; fileRef = 52AE1AB829114FF2008849CA /* Main.storyboard */; };
		52AE1ABC29114FF3008849CA /* Assets.xcassets in Resources */ = {isa = PBXBuildFile; fileRef = 52AE1ABB29114FF3008849CA /* Assets.xcassets */; };
		52AE1ABF29114FF3008849CA /* LaunchScreen.storyboard in Resources */ = {isa = PBXBuildFile; fileRef = 52AE1ABD29114FF3008849CA /* LaunchScreen.storyboard */; };
		52C9AD3F2913E7CF00BC340A /* DogWalking.storyboard in Resources */ = {isa = PBXBuildFile; fileRef = 52C9AD3E2913E7CF00BC340A /* DogWalking.storyboard */; };
		52C9AD422913EFF900BC340A /* DogWalkingOneViewController.swift in Sources */ = {isa = PBXBuildFile; fileRef = 52C9AD412913EFF900BC340A /* DogWalkingOneViewController.swift */; };
		52DE6068291B7BD300DFE9CF /* CustomTextField.swift in Sources */ = {isa = PBXBuildFile; fileRef = 52DE6067291B7BD300DFE9CF /* CustomTextField.swift */; };
		52EB790D291BB8340007D695 /* LoginPageViewController.swift in Sources */ = {isa = PBXBuildFile; fileRef = 52EB790C291BB8340007D695 /* LoginPageViewController.swift */; };
		52EB790F291BBAB20007D695 /* SignupPageViewController.swift in Sources */ = {isa = PBXBuildFile; fileRef = 52EB790E291BBAB20007D695 /* SignupPageViewController.swift */; };
/* End PBXBuildFile section */

/* Begin PBXFileReference section */
		5212EA66291A16CD007522BD /* ModelForTrainerPageInfoView.swift */ = {isa = PBXFileReference; lastKnownFileType = sourcecode.swift; path = ModelForTrainerPageInfoView.swift; sourceTree = "<group>"; };
		5212EA68291A189E007522BD /* CellForMorePage.swift */ = {isa = PBXFileReference; lastKnownFileType = sourcecode.swift; path = CellForMorePage.swift; sourceTree = "<group>"; };
		5212EA69291A189E007522BD /* CellForMorePage.xib */ = {isa = PBXFileReference; lastKnownFileType = file.xib; path = CellForMorePage.xib; sourceTree = "<group>"; };
		5212EA6C291A252F007522BD /* CellForReviewsView.swift */ = {isa = PBXFileReference; lastKnownFileType = sourcecode.swift; path = CellForReviewsView.swift; sourceTree = "<group>"; };
		5212EA6D291A252F007522BD /* CellForReviewsView.xib */ = {isa = PBXFileReference; lastKnownFileType = file.xib; path = CellForReviewsView.xib; sourceTree = "<group>"; };
		5212EA71291A53E4007522BD /* ContactPageViewController.swift */ = {isa = PBXFileReference; lastKnownFileType = sourcecode.swift; path = ContactPageViewController.swift; sourceTree = "<group>"; };
		5212EA73291A5516007522BD /* ModelForContactPage.swift */ = {isa = PBXFileReference; lastKnownFileType = sourcecode.swift; path = ModelForContactPage.swift; sourceTree = "<group>"; };
		5225A7D9291BCA57008BCB3A /* DogWalkingTwoViewController.swift */ = {isa = PBXFileReference; lastKnownFileType = sourcecode.swift; path = DogWalkingTwoViewController.swift; sourceTree = "<group>"; };
		5225A7DB291BCC62008BCB3A /* UploadDetailsViewController.swift */ = {isa = PBXFileReference; lastKnownFileType = sourcecode.swift; path = UploadDetailsViewController.swift; sourceTree = "<group>"; };
		5225A7DF291BDC0A008BCB3A /* CellForYourPet.swift */ = {isa = PBXFileReference; lastKnownFileType = sourcecode.swift; path = CellForYourPet.swift; sourceTree = "<group>"; };
		5225A7E0291BDC0A008BCB3A /* CellForYourPet.xib */ = {isa = PBXFileReference; lastKnownFileType = file.xib; path = CellForYourPet.xib; sourceTree = "<group>"; };
		5227A0E4291298EE0025B26F /* ServicesPageViewController.swift */ = {isa = PBXFileReference; lastKnownFileType = sourcecode.swift; path = ServicesPageViewController.swift; sourceTree = "<group>"; };
		5227A0E6291299EC0025B26F /* ModelForServicesPage.swift */ = {isa = PBXFileReference; lastKnownFileType = sourcecode.swift; path = ModelForServicesPage.swift; sourceTree = "<group>"; };
		5227A0EB29129F260025B26F /* YourPetsViewController.swift */ = {isa = PBXFileReference; lastKnownFileType = sourcecode.swift; path = YourPetsViewController.swift; sourceTree = "<group>"; };
		5227A0EF2912A0FA0025B26F /* ModelForYourPet.swift */ = {isa = PBXFileReference; lastKnownFileType = sourcecode.swift; path = ModelForYourPet.swift; sourceTree = "<group>"; };
		5227A0F42912A6790025B26F /* MorePageViewController.swift */ = {isa = PBXFileReference; lastKnownFileType = sourcecode.swift; path = MorePageViewController.swift; sourceTree = "<group>"; };
		5227A0F62912A6880025B26F /* ModelForMorePage.swift */ = {isa = PBXFileReference; lastKnownFileType = sourcecode.swift; path = ModelForMorePage.swift; sourceTree = "<group>"; };
		5235B4E329154A7A00C43734 /* CellForSettingPage.swift */ = {isa = PBXFileReference; lastKnownFileType = sourcecode.swift; path = CellForSettingPage.swift; sourceTree = "<group>"; };
		5235B4E429154A7A00C43734 /* CellForSettingPage.xib */ = {isa = PBXFileReference; lastKnownFileType = file.xib; path = CellForSettingPage.xib; sourceTree = "<group>"; };
		5235B4E729154D8800C43734 /* SettingViewController.swift */ = {isa = PBXFileReference; lastKnownFileType = sourcecode.swift; path = SettingViewController.swift; sourceTree = "<group>"; };
		5235B4E829154D8800C43734 /* SettingViewController.xib */ = {isa = PBXFileReference; lastKnownFileType = file.xib; path = SettingViewController.xib; sourceTree = "<group>"; };
		523A19D42918CB210034ACF5 /* ModelForSettingViewController.swift */ = {isa = PBXFileReference; lastKnownFileType = sourcecode.swift; path = ModelForSettingViewController.swift; sourceTree = "<group>"; };
		523A19DB2918E3F30034ACF5 /* DoggyDayCareViewController.xib */ = {isa = PBXFileReference; lastKnownFileType = file.xib; path = DoggyDayCareViewController.xib; sourceTree = "<group>"; };
		523A19E22918E60F0034ACF5 /* CellForDoggyDayCare.swift */ = {isa = PBXFileReference; lastKnownFileType = sourcecode.swift; path = CellForDoggyDayCare.swift; sourceTree = "<group>"; };
		523A19E32918E60F0034ACF5 /* CellForDoggyDayCare.xib */ = {isa = PBXFileReference; lastKnownFileType = file.xib; path = CellForDoggyDayCare.xib; sourceTree = "<group>"; };
		523A19E62918ED030034ACF5 /* DoggyDayCareViewController.swift */ = {isa = PBXFileReference; lastKnownFileType = sourcecode.swift; path = DoggyDayCareViewController.swift; sourceTree = "<group>"; };
		523A19E82918FBC30034ACF5 /* ModelForDoggyDayCare.swift */ = {isa = PBXFileReference; lastKnownFileType = sourcecode.swift; path = ModelForDoggyDayCare.swift; sourceTree = "<group>"; };
		523A19EB291905980034ACF5 /* TrainerPageStoryBoard.storyboard */ = {isa = PBXFileReference; lastKnownFileType = file.storyboard; path = TrainerPageStoryBoard.storyboard; sourceTree = "<group>"; };
		523A19ED291908710034ACF5 /* CustomImageView.swift */ = {isa = PBXFileReference; lastKnownFileType = sourcecode.swift; path = CustomImageView.swift; sourceTree = "<group>"; };
		523A19EF291909A80034ACF5 /* TrainerPageViewController.swift */ = {isa = PBXFileReference; lastKnownFileType = sourcecode.swift; path = TrainerPageViewController.swift; sourceTree = "<group>"; };
		52776949291397E1003697BE /* CustomCornerRadiusView.swift */ = {isa = PBXFileReference; lastKnownFileType = sourcecode.swift; path = CustomCornerRadiusView.swift; sourceTree = "<group>"; };
		527769522913B579003697BE /* InboxViewController.swift */ = {isa = PBXFileReference; lastKnownFileType = sourcecode.swift; path = InboxViewController.swift; sourceTree = "<group>"; };
		527769542913B663003697BE /* ModelForInboxPage.swift */ = {isa = PBXFileReference; lastKnownFileType = sourcecode.swift; path = ModelForInboxPage.swift; sourceTree = "<group>"; };
		5277695A2913C264003697BE /* CustomTableViewCell.swift */ = {isa = PBXFileReference; lastKnownFileType = sourcecode.swift; path = CustomTableViewCell.swift; sourceTree = "<group>"; };
		5277695B2913C264003697BE /* CustomTableViewCell.xib */ = {isa = PBXFileReference; lastKnownFileType = file.xib; path = CustomTableViewCell.xib; sourceTree = "<group>"; };
		528689932914F4980087487C /* CellForMainPage.swift */ = {isa = PBXFileReference; lastKnownFileType = sourcecode.swift; path = CellForMainPage.swift; sourceTree = "<group>"; };
		528689942914F4980087487C /* CellForMainPage.xib */ = {isa = PBXFileReference; lastKnownFileType = file.xib; path = CellForMainPage.xib; sourceTree = "<group>"; };
		52868997291518760087487C /* CellForServicePage.swift */ = {isa = PBXFileReference; lastKnownFileType = sourcecode.swift; path = CellForServicePage.swift; sourceTree = "<group>"; };
		52868998291518760087487C /* CellForServicePage.xib */ = {isa = PBXFileReference; lastKnownFileType = file.xib; path = CellForServicePage.xib; sourceTree = "<group>"; };
		5286899D291523120087487C /* MainTabBarController.swift */ = {isa = PBXFileReference; lastKnownFileType = sourcecode.swift; path = MainTabBarController.swift; sourceTree = "<group>"; };
		528689A2291527500087487C /* AddAPet.storyboard */ = {isa = PBXFileReference; lastKnownFileType = file.storyboard; path = AddAPet.storyboard; sourceTree = "<group>"; };
		528689A4291545A90087487C /* AddAPetViewController.swift */ = {isa = PBXFileReference; lastKnownFileType = sourcecode.swift; path = AddAPetViewController.swift; sourceTree = "<group>"; };
		528837EB29122E5A009A4D59 /* RobotoSlab-Regular.ttf */ = {isa = PBXFileReference; lastKnownFileType = file; path = "RobotoSlab-Regular.ttf"; sourceTree = "<group>"; };
		528837ED29122E5A009A4D59 /* RobotoSlab-Light.ttf */ = {isa = PBXFileReference; lastKnownFileType = file; path = "RobotoSlab-Light.ttf"; sourceTree = "<group>"; };
		528837EE29122E5A009A4D59 /* RobotoSlab-Bold.ttf */ = {isa = PBXFileReference; lastKnownFileType = file; path = "RobotoSlab-Bold.ttf"; sourceTree = "<group>"; };
		528837EF29122E5A009A4D59 /* RobotoSlab-SemiBold.ttf */ = {isa = PBXFileReference; lastKnownFileType = file; path = "RobotoSlab-SemiBold.ttf"; sourceTree = "<group>"; };
		528837F129122E5A009A4D59 /* RobotoSlab-Medium.ttf */ = {isa = PBXFileReference; lastKnownFileType = file; path = "RobotoSlab-Medium.ttf"; sourceTree = "<group>"; };
		528837FB29122EA6009A4D59 /* Poppins-Regular.ttf */ = {isa = PBXFileReference; lastKnownFileType = file; path = "Poppins-Regular.ttf"; sourceTree = "<group>"; };
		528837FC29122EA6009A4D59 /* Poppins-Bold.ttf */ = {isa = PBXFileReference; lastKnownFileType = file; path = "Poppins-Bold.ttf"; sourceTree = "<group>"; };
		528837FD29122EA6009A4D59 /* Poppins-SemiBold.ttf */ = {isa = PBXFileReference; lastKnownFileType = file; path = "Poppins-SemiBold.ttf"; sourceTree = "<group>"; };
		5288380029122EA6009A4D59 /* Poppins-Medium.ttf */ = {isa = PBXFileReference; lastKnownFileType = file; path = "Poppins-Medium.ttf"; sourceTree = "<group>"; };
		52883808291230C7009A4D59 /* Constants.swift */ = {isa = PBXFileReference; lastKnownFileType = sourcecode.swift; path = Constants.swift; sourceTree = "<group>"; };
		5288380A291231E6009A4D59 /* ModelForIntrodcutoryPage.swift */ = {isa = PBXFileReference; lastKnownFileType = sourcecode.swift; path = ModelForIntrodcutoryPage.swift; sourceTree = "<group>"; };
		5288380F29124DAF009A4D59 /* GettingStarted.storyboard */ = {isa = PBXFileReference; lastKnownFileType = file.storyboard; path = GettingStarted.storyboard; sourceTree = "<group>"; };
		5288381429126188009A4D59 /* GettingStartedViewController.swift */ = {isa = PBXFileReference; lastKnownFileType = sourcecode.swift; path = GettingStartedViewController.swift; sourceTree = "<group>"; };
		5288381929126648009A4D59 /* CustomUIButtom.swift */ = {isa = PBXFileReference; lastKnownFileType = sourcecode.swift; path = CustomUIButtom.swift; sourceTree = "<group>"; };
		5288381D2912829A009A4D59 /* MainTabBar.storyboard */ = {isa = PBXFileReference; lastKnownFileType = file.storyboard; path = MainTabBar.storyboard; sourceTree = "<group>"; };
		52AE1AAF29114FF2008849CA /* DogWalkingStoryboard.app */ = {isa = PBXFileReference; explicitFileType = wrapper.application; includeInIndex = 0; path = DogWalkingStoryboard.app; sourceTree = BUILT_PRODUCTS_DIR; };
		52AE1AB229114FF2008849CA /* AppDelegate.swift */ = {isa = PBXFileReference; lastKnownFileType = sourcecode.swift; path = AppDelegate.swift; sourceTree = "<group>"; };
		52AE1AB429114FF2008849CA /* SceneDelegate.swift */ = {isa = PBXFileReference; lastKnownFileType = sourcecode.swift; path = SceneDelegate.swift; sourceTree = "<group>"; };
		52AE1AB629114FF2008849CA /* ViewController.swift */ = {isa = PBXFileReference; lastKnownFileType = sourcecode.swift; path = ViewController.swift; sourceTree = "<group>"; };
		52AE1AB929114FF2008849CA /* Base */ = {isa = PBXFileReference; lastKnownFileType = file.storyboard; name = Base; path = Base.lproj/Main.storyboard; sourceTree = "<group>"; };
		52AE1ABB29114FF3008849CA /* Assets.xcassets */ = {isa = PBXFileReference; lastKnownFileType = folder.assetcatalog; path = Assets.xcassets; sourceTree = "<group>"; };
		52AE1ABE29114FF3008849CA /* Base */ = {isa = PBXFileReference; lastKnownFileType = file.storyboard; name = Base; path = Base.lproj/LaunchScreen.storyboard; sourceTree = "<group>"; };
		52AE1AC029114FF3008849CA /* Info.plist */ = {isa = PBXFileReference; lastKnownFileType = text.plist.xml; path = Info.plist; sourceTree = "<group>"; };
		52C9AD3E2913E7CF00BC340A /* DogWalking.storyboard */ = {isa = PBXFileReference; lastKnownFileType = file.storyboard; path = DogWalking.storyboard; sourceTree = "<group>"; };
		52C9AD412913EFF900BC340A /* DogWalkingOneViewController.swift */ = {isa = PBXFileReference; lastKnownFileType = sourcecode.swift; path = DogWalkingOneViewController.swift; sourceTree = "<group>"; };
		52DE6067291B7BD300DFE9CF /* CustomTextField.swift */ = {isa = PBXFileReference; lastKnownFileType = sourcecode.swift; path = CustomTextField.swift; sourceTree = "<group>"; };
		52EB790C291BB8340007D695 /* LoginPageViewController.swift */ = {isa = PBXFileReference; lastKnownFileType = sourcecode.swift; path = LoginPageViewController.swift; sourceTree = "<group>"; };
		52EB790E291BBAB20007D695 /* SignupPageViewController.swift */ = {isa = PBXFileReference; lastKnownFileType = sourcecode.swift; path = SignupPageViewController.swift; sourceTree = "<group>"; };
/* End PBXFileReference section */

/* Begin PBXFrameworksBuildPhase section */
		52AE1AAC29114FF1008849CA /* Frameworks */ = {
			isa = PBXFrameworksBuildPhase;
			buildActionMask = 2147483647;
			files = (
			);
			runOnlyForDeploymentPostprocessing = 0;
		};
/* End PBXFrameworksBuildPhase section */

/* Begin PBXGroup section */
		5227A0E829129F020025B26F /* Model */ = {
			isa = PBXGroup;
			children = (
				5227A0EF2912A0FA0025B26F /* ModelForYourPet.swift */,
			);
			path = Model;
			sourceTree = "<group>";
		};
		5227A0E929129F090025B26F /* View */ = {
			isa = PBXGroup;
			children = (
				5225A7DF291BDC0A008BCB3A /* CellForYourPet.swift */,
				5225A7E0291BDC0A008BCB3A /* CellForYourPet.xib */,
				5286899F2915270D0087487C /* SubViews */,
			);
			path = View;
			sourceTree = "<group>";
		};
		5227A0EA29129F0C0025B26F /* Controller */ = {
			isa = PBXGroup;
			children = (
				5227A0EB29129F260025B26F /* YourPetsViewController.swift */,
			);
			path = Controller;
			sourceTree = "<group>";
		};
		5227A0F12912A6490025B26F /* Model */ = {
			isa = PBXGroup;
			children = (
				5227A0F62912A6880025B26F /* ModelForMorePage.swift */,
			);
			path = Model;
			sourceTree = "<group>";
		};
		5227A0F22912A64E0025B26F /* View */ = {
			isa = PBXGroup;
			children = (
				5212EA68291A189E007522BD /* CellForMorePage.swift */,
				5212EA69291A189E007522BD /* CellForMorePage.xib */,
				528689A6291549CA0087487C /* SubView */,
			);
			path = View;
			sourceTree = "<group>";
		};
		5227A0F32912A6520025B26F /* Controller */ = {
			isa = PBXGroup;
			children = (
				5227A0F42912A6790025B26F /* MorePageViewController.swift */,
			);
			path = Controller;
			sourceTree = "<group>";
		};
		523A19D32918CB050034ACF5 /* Model */ = {
			isa = PBXGroup;
			children = (
				523A19D42918CB210034ACF5 /* ModelForSettingViewController.swift */,
			);
			path = Model;
			sourceTree = "<group>";
		};
		523A19D62918D31D0034ACF5 /* View */ = {
			isa = PBXGroup;
			children = (
				5235B4E329154A7A00C43734 /* CellForSettingPage.swift */,
				5235B4E429154A7A00C43734 /* CellForSettingPage.xib */,
			);
			path = View;
			sourceTree = "<group>";
		};
		523A19D72918D32F0034ACF5 /* Controller */ = {
			isa = PBXGroup;
			children = (
				5235B4E729154D8800C43734 /* SettingViewController.swift */,
				5235B4E829154D8800C43734 /* SettingViewController.xib */,
			);
			path = Controller;
			sourceTree = "<group>";
		};
		523A19D82918E3B20034ACF5 /* DogWalking */ = {
			isa = PBXGroup;
			children = (
				52C9AD3E2913E7CF00BC340A /* DogWalking.storyboard */,
				52C9AD412913EFF900BC340A /* DogWalkingOneViewController.swift */,
				5225A7D9291BCA57008BCB3A /* DogWalkingTwoViewController.swift */,
			);
			path = DogWalking;
			sourceTree = "<group>";
		};
		523A19D92918E3CA0034ACF5 /* DoggyDayCare */ = {
			isa = PBXGroup;
			children = (
				523A19DE2918E5D50034ACF5 /* Model */,
				523A19DF2918E5DA0034ACF5 /* View */,
				523A19E02918E5DD0034ACF5 /* Controller */,
			);
			path = DoggyDayCare;
			sourceTree = "<group>";
		};
		523A19DE2918E5D50034ACF5 /* Model */ = {
			isa = PBXGroup;
			children = (
				523A19E82918FBC30034ACF5 /* ModelForDoggyDayCare.swift */,
			);
			path = Model;
			sourceTree = "<group>";
		};
		523A19DF2918E5DA0034ACF5 /* View */ = {
			isa = PBXGroup;
			children = (
				523A19E22918E60F0034ACF5 /* CellForDoggyDayCare.swift */,
				523A19E32918E60F0034ACF5 /* CellForDoggyDayCare.xib */,
			);
			path = View;
			sourceTree = "<group>";
		};
		523A19E02918E5DD0034ACF5 /* Controller */ = {
			isa = PBXGroup;
			children = (
				523A19DB2918E3F30034ACF5 /* DoggyDayCareViewController.xib */,
				523A19E62918ED030034ACF5 /* DoggyDayCareViewController.swift */,
			);
			path = Controller;
			sourceTree = "<group>";
		};
		523A19EA2919056E0034ACF5 /* TrainerPage */ = {
			isa = PBXGroup;
			children = (
				523A1A0029192AAD0034ACF5 /* Model */,
				523A1A0129192AB70034ACF5 /* View */,
				523A1A0229192ABC0034ACF5 /* Controller */,
			);
			path = TrainerPage;
			sourceTree = "<group>";
		};
		523A1A0029192AAD0034ACF5 /* Model */ = {
			isa = PBXGroup;
			children = (
				5212EA66291A16CD007522BD /* ModelForTrainerPageInfoView.swift */,
				5212EA73291A5516007522BD /* ModelForContactPage.swift */,
			);
			path = Model;
			sourceTree = "<group>";
		};
		523A1A0129192AB70034ACF5 /* View */ = {
			isa = PBXGroup;
			children = (
				5212EA6C291A252F007522BD /* CellForReviewsView.swift */,
				5212EA6D291A252F007522BD /* CellForReviewsView.xib */,
			);
			path = View;
			sourceTree = "<group>";
		};
		523A1A0229192ABC0034ACF5 /* Controller */ = {
			isa = PBXGroup;
			children = (
				523A19EB291905980034ACF5 /* TrainerPageStoryBoard.storyboard */,
				523A19EF291909A80034ACF5 /* TrainerPageViewController.swift */,
				5212EA71291A53E4007522BD /* ContactPageViewController.swift */,
			);
			path = Controller;
			sourceTree = "<group>";
		};
		5277694F2913B535003697BE /* Controler */ = {
			isa = PBXGroup;
			children = (
				527769522913B579003697BE /* InboxViewController.swift */,
			);
			path = Controler;
			sourceTree = "<group>";
		};
		527769502913B543003697BE /* Model */ = {
			isa = PBXGroup;
			children = (
				527769542913B663003697BE /* ModelForInboxPage.swift */,
			);
			path = Model;
			sourceTree = "<group>";
		};
		527769512913B547003697BE /* View */ = {
			isa = PBXGroup;
			children = (
				5277695A2913C264003697BE /* CustomTableViewCell.swift */,
				5277695B2913C264003697BE /* CustomTableViewCell.xib */,
			);
			path = View;
			sourceTree = "<group>";
		};
		5286899F2915270D0087487C /* SubViews */ = {
			isa = PBXGroup;
			children = (
				528689A2291527500087487C /* AddAPet.storyboard */,
				528689A4291545A90087487C /* AddAPetViewController.swift */,
				5225A7DB291BCC62008BCB3A /* UploadDetailsViewController.swift */,
			);
			path = SubViews;
			sourceTree = "<group>";
		};
		528689A6291549CA0087487C /* SubView */ = {
			isa = PBXGroup;
			children = (
				523A19D32918CB050034ACF5 /* Model */,
				523A19D62918D31D0034ACF5 /* View */,
				523A19D72918D32F0034ACF5 /* Controller */,
			);
			path = SubView;
			sourceTree = "<group>";
		};
		528837E829122E50009A4D59 /* Fonts */ = {
			isa = PBXGroup;
			children = (
				528837FC29122EA6009A4D59 /* Poppins-Bold.ttf */,
				5288380029122EA6009A4D59 /* Poppins-Medium.ttf */,
				528837FB29122EA6009A4D59 /* Poppins-Regular.ttf */,
				528837FD29122EA6009A4D59 /* Poppins-SemiBold.ttf */,
				528837EE29122E5A009A4D59 /* RobotoSlab-Bold.ttf */,
				528837ED29122E5A009A4D59 /* RobotoSlab-Light.ttf */,
				528837F129122E5A009A4D59 /* RobotoSlab-Medium.ttf */,
				528837EB29122E5A009A4D59 /* RobotoSlab-Regular.ttf */,
				528837EF29122E5A009A4D59 /* RobotoSlab-SemiBold.ttf */,
			);
			path = Fonts;
			sourceTree = "<group>";
		};
		52883807291230B8009A4D59 /* Constants */ = {
			isa = PBXGroup;
			children = (
				52883808291230C7009A4D59 /* Constants.swift */,
			);
			path = Constants;
			sourceTree = "<group>";
		};
		5288380E29124D82009A4D59 /* GettingStarted */ = {
			isa = PBXGroup;
			children = (
				5288381229124DBA009A4D59 /* Model */,
				5288381129124DB4009A4D59 /* View */,
				5288381329124DC0009A4D59 /* Controller */,
			);
			path = GettingStarted;
			sourceTree = "<group>";
		};
		5288381129124DB4009A4D59 /* View */ = {
			isa = PBXGroup;
			children = (
				5288380F29124DAF009A4D59 /* GettingStarted.storyboard */,
			);
			path = View;
			sourceTree = "<group>";
		};
		5288381229124DBA009A4D59 /* Model */ = {
			isa = PBXGroup;
			children = (
			);
			path = Model;
			sourceTree = "<group>";
		};
		5288381329124DC0009A4D59 /* Controller */ = {
			isa = PBXGroup;
			children = (
				5288381429126188009A4D59 /* GettingStartedViewController.swift */,
				52EB790C291BB8340007D695 /* LoginPageViewController.swift */,
				52EB790E291BBAB20007D695 /* SignupPageViewController.swift */,
			);
			path = Controller;
			sourceTree = "<group>";
		};
		52883817291265F6009A4D59 /* Pages */ = {
			isa = PBXGroup;
			children = (
				52AE1AC629115A7B008849CA /* SplashPages */,
				5288380E29124D82009A4D59 /* GettingStarted */,
				5288381B2912825D009A4D59 /* MainPages */,
			);
			path = Pages;
			sourceTree = "<group>";
		};
		528838182912662A009A4D59 /* CustomViews */ = {
			isa = PBXGroup;
			children = (
				5288381929126648009A4D59 /* CustomUIButtom.swift */,
				52776949291397E1003697BE /* CustomCornerRadiusView.swift */,
				523A19ED291908710034ACF5 /* CustomImageView.swift */,
				52DE6067291B7BD300DFE9CF /* CustomTextField.swift */,
			);
			path = CustomViews;
			sourceTree = "<group>";
		};
		5288381B2912825D009A4D59 /* MainPages */ = {
			isa = PBXGroup;
			children = (
				5288381C2912827D009A4D59 /* MainTabBar */,
				5288382229128A25009A4D59 /* InboxPage */,
				5288382329128A2D009A4D59 /* ServicesPage */,
				5288382429128A3B009A4D59 /* Your Pets Page */,
				5288382529128A48009A4D59 /* MorePage */,
			);
			path = MainPages;
			sourceTree = "<group>";
		};
		5288381C2912827D009A4D59 /* MainTabBar */ = {
			isa = PBXGroup;
			children = (
				5288382029128A0C009A4D59 /* Model */,
				5288381F29128A08009A4D59 /* View */,
				5288382129128A10009A4D59 /* Controller */,
			);
			path = MainTabBar;
			sourceTree = "<group>";
		};
		5288381F29128A08009A4D59 /* View */ = {
			isa = PBXGroup;
			children = (
				5288381D2912829A009A4D59 /* MainTabBar.storyboard */,
			);
			path = View;
			sourceTree = "<group>";
		};
		5288382029128A0C009A4D59 /* Model */ = {
			isa = PBXGroup;
			children = (
			);
			path = Model;
			sourceTree = "<group>";
		};
		5288382129128A10009A4D59 /* Controller */ = {
			isa = PBXGroup;
			children = (
				5286899D291523120087487C /* MainTabBarController.swift */,
			);
			path = Controller;
			sourceTree = "<group>";
		};
		5288382229128A25009A4D59 /* InboxPage */ = {
			isa = PBXGroup;
			children = (
				527769502913B543003697BE /* Model */,
				527769512913B547003697BE /* View */,
				5277694F2913B535003697BE /* Controler */,
			);
			path = InboxPage;
			sourceTree = "<group>";
		};
		5288382329128A2D009A4D59 /* ServicesPage */ = {
			isa = PBXGroup;
			children = (
				5288382829128A76009A4D59 /* Model */,
				5288382929128A7B009A4D59 /* View */,
				5288382A29128A81009A4D59 /* Controller */,
				52C9AD3C2913E7AE00BC340A /* SubViews */,
			);
			path = ServicesPage;
			sourceTree = "<group>";
		};
		5288382429128A3B009A4D59 /* Your Pets Page */ = {
			isa = PBXGroup;
			children = (
				5227A0E829129F020025B26F /* Model */,
				5227A0E929129F090025B26F /* View */,
				5227A0EA29129F0C0025B26F /* Controller */,
			);
			path = "Your Pets Page";
			sourceTree = "<group>";
		};
		5288382529128A48009A4D59 /* MorePage */ = {
			isa = PBXGroup;
			children = (
				5227A0F12912A6490025B26F /* Model */,
				5227A0F22912A64E0025B26F /* View */,
				5227A0F32912A6520025B26F /* Controller */,
			);
			path = MorePage;
			sourceTree = "<group>";
		};
		5288382829128A76009A4D59 /* Model */ = {
			isa = PBXGroup;
			children = (
				5227A0E6291299EC0025B26F /* ModelForServicesPage.swift */,
			);
			path = Model;
			sourceTree = "<group>";
		};
		5288382929128A7B009A4D59 /* View */ = {
			isa = PBXGroup;
			children = (
				52C9AD3B2913E7A600BC340A /* Main */,
			);
			path = View;
			sourceTree = "<group>";
		};
		5288382A29128A81009A4D59 /* Controller */ = {
			isa = PBXGroup;
			children = (
				5227A0E4291298EE0025B26F /* ServicesPageViewController.swift */,
			);
			path = Controller;
			sourceTree = "<group>";
		};
		52AE1AA629114FF1008849CA = {
			isa = PBXGroup;
			children = (
				52AE1AB129114FF2008849CA /* DogWalkingStoryboard */,
				52AE1AB029114FF2008849CA /* Products */,
			);
			sourceTree = "<group>";
		};
		52AE1AB029114FF2008849CA /* Products */ = {
			isa = PBXGroup;
			children = (
				52AE1AAF29114FF2008849CA /* DogWalkingStoryboard.app */,
			);
			name = Products;
			sourceTree = "<group>";
		};
		52AE1AB129114FF2008849CA /* DogWalkingStoryboard */ = {
			isa = PBXGroup;
			children = (
				528838182912662A009A4D59 /* CustomViews */,
				52AE1AC929115AC1008849CA /* Additional */,
				52883807291230B8009A4D59 /* Constants */,
				52883817291265F6009A4D59 /* Pages */,
				52AE1AC029114FF3008849CA /* Info.plist */,
			);
			path = DogWalkingStoryboard;
			sourceTree = "<group>";
		};
		52AE1AC629115A7B008849CA /* SplashPages */ = {
			isa = PBXGroup;
			children = (
				52AE1AC729115A90008849CA /* SplashPage */,
				52AE1AC829115A9D008849CA /* IntroductoryPage */,
			);
			path = SplashPages;
			sourceTree = "<group>";
		};
		52AE1AC729115A90008849CA /* SplashPage */ = {
			isa = PBXGroup;
			children = (
				52AE1ACD29115B17008849CA /* View */,
			);
			path = SplashPage;
			sourceTree = "<group>";
		};
		52AE1AC829115A9D008849CA /* IntroductoryPage */ = {
			isa = PBXGroup;
			children = (
				52AE1ACA29115AE9008849CA /* Model */,
				52AE1ACB29115AF3008849CA /* View */,
				52AE1ACC29115AF9008849CA /* Controller */,
			);
			path = IntroductoryPage;
			sourceTree = "<group>";
		};
		52AE1AC929115AC1008849CA /* Additional */ = {
			isa = PBXGroup;
			children = (
				528837E829122E50009A4D59 /* Fonts */,
				52AE1AB229114FF2008849CA /* AppDelegate.swift */,
				52AE1AB429114FF2008849CA /* SceneDelegate.swift */,
				52AE1ABB29114FF3008849CA /* Assets.xcassets */,
			);
			path = Additional;
			sourceTree = "<group>";
		};
		52AE1ACA29115AE9008849CA /* Model */ = {
			isa = PBXGroup;
			children = (
				5288380A291231E6009A4D59 /* ModelForIntrodcutoryPage.swift */,
			);
			path = Model;
			sourceTree = "<group>";
		};
		52AE1ACB29115AF3008849CA /* View */ = {
			isa = PBXGroup;
			children = (
				52AE1AB829114FF2008849CA /* Main.storyboard */,
				528689932914F4980087487C /* CellForMainPage.swift */,
				528689942914F4980087487C /* CellForMainPage.xib */,
			);
			path = View;
			sourceTree = "<group>";
		};
		52AE1ACC29115AF9008849CA /* Controller */ = {
			isa = PBXGroup;
			children = (
				52AE1AB629114FF2008849CA /* ViewController.swift */,
			);
			path = Controller;
			sourceTree = "<group>";
		};
		52AE1ACD29115B17008849CA /* View */ = {
			isa = PBXGroup;
			children = (
				52AE1ABD29114FF3008849CA /* LaunchScreen.storyboard */,
			);
			path = View;
			sourceTree = "<group>";
		};
		52C9AD3B2913E7A600BC340A /* Main */ = {
			isa = PBXGroup;
			children = (
				52868997291518760087487C /* CellForServicePage.swift */,
				52868998291518760087487C /* CellForServicePage.xib */,
			);
			path = Main;
			sourceTree = "<group>";
		};
		52C9AD3C2913E7AE00BC340A /* SubViews */ = {
			isa = PBXGroup;
			children = (
				523A19EA2919056E0034ACF5 /* TrainerPage */,
				523A19D92918E3CA0034ACF5 /* DoggyDayCare */,
				523A19D82918E3B20034ACF5 /* DogWalking */,
			);
			path = SubViews;
			sourceTree = "<group>";
		};
/* End PBXGroup section */

/* Begin PBXNativeTarget section */
		52AE1AAE29114FF1008849CA /* DogWalkingStoryboard */ = {
			isa = PBXNativeTarget;
			buildConfigurationList = 52AE1AC329114FF3008849CA /* Build configuration list for PBXNativeTarget "DogWalkingStoryboard" */;
			buildPhases = (
				52AE1AAB29114FF1008849CA /* Sources */,
				52AE1AAC29114FF1008849CA /* Frameworks */,
				52AE1AAD29114FF1008849CA /* Resources */,
			);
			buildRules = (
			);
			dependencies = (
			);
			name = DogWalkingStoryboard;
			productName = DogWalkingStoryboard;
			productReference = 52AE1AAF29114FF2008849CA /* DogWalkingStoryboard.app */;
			productType = "com.apple.product-type.application";
		};
/* End PBXNativeTarget section */

/* Begin PBXProject section */
		52AE1AA729114FF1008849CA /* Project object */ = {
			isa = PBXProject;
			attributes = {
				BuildIndependentTargetsInParallel = 1;
				LastSwiftUpdateCheck = 1340;
				LastUpgradeCheck = 1340;
				TargetAttributes = {
					52AE1AAE29114FF1008849CA = {
						CreatedOnToolsVersion = 13.4.1;
					};
				};
			};
			buildConfigurationList = 52AE1AAA29114FF1008849CA /* Build configuration list for PBXProject "DogWalkingStoryboard" */;
			compatibilityVersion = "Xcode 13.0";
			developmentRegion = en;
			hasScannedForEncodings = 0;
			knownRegions = (
				en,
				Base,
			);
			mainGroup = 52AE1AA629114FF1008849CA;
			productRefGroup = 52AE1AB029114FF2008849CA /* Products */;
			projectDirPath = "";
			projectRoot = "";
			targets = (
				52AE1AAE29114FF1008849CA /* DogWalkingStoryboard */,
			);
		};
/* End PBXProject section */

/* Begin PBXResourcesBuildPhase section */
		52AE1AAD29114FF1008849CA /* Resources */ = {
			isa = PBXResourcesBuildPhase;
			buildActionMask = 2147483647;
			files = (
				5288380329122EA6009A4D59 /* Poppins-SemiBold.ttf in Resources */,
				528837F429122E5A009A4D59 /* RobotoSlab-Regular.ttf in Resources */,
				5212EA6F291A252F007522BD /* CellForReviewsView.xib in Resources */,
				52AE1ABF29114FF3008849CA /* LaunchScreen.storyboard in Resources */,
				5288381E2912829A009A4D59 /* MainTabBar.storyboard in Resources */,
				5288380129122EA6009A4D59 /* Poppins-Regular.ttf in Resources */,
				5235B4E629154A7A00C43734 /* CellForSettingPage.xib in Resources */,
				528689A3291527500087487C /* AddAPet.storyboard in Resources */,
				5235B4EA29154D8800C43734 /* SettingViewController.xib in Resources */,
				528837F829122E5A009A4D59 /* RobotoSlab-SemiBold.ttf in Resources */,
				528689962914F4980087487C /* CellForMainPage.xib in Resources */,
				528837F629122E5A009A4D59 /* RobotoSlab-Light.ttf in Resources */,
				528837FA29122E5A009A4D59 /* RobotoSlab-Medium.ttf in Resources */,
				5212EA6B291A189E007522BD /* CellForMorePage.xib in Resources */,
				523A19EC291905980034ACF5 /* TrainerPageStoryBoard.storyboard in Resources */,
				528837F729122E5A009A4D59 /* RobotoSlab-Bold.ttf in Resources */,
				5288380229122EA6009A4D59 /* Poppins-Bold.ttf in Resources */,
				5225A7E2291BDC0A008BCB3A /* CellForYourPet.xib in Resources */,
				52AE1ABC29114FF3008849CA /* Assets.xcassets in Resources */,
				5286899A291518760087487C /* CellForServicePage.xib in Resources */,
				5288380629122EA6009A4D59 /* Poppins-Medium.ttf in Resources */,
				523A19DD2918E3F30034ACF5 /* DoggyDayCareViewController.xib in Resources */,
				5288381029124DAF009A4D59 /* GettingStarted.storyboard in Resources */,
				5277695D2913C264003697BE /* CustomTableViewCell.xib in Resources */,
				52C9AD3F2913E7CF00BC340A /* DogWalking.storyboard in Resources */,
				52AE1ABA29114FF2008849CA /* Main.storyboard in Resources */,
				523A19E52918E60F0034ACF5 /* CellForDoggyDayCare.xib in Resources */,
			);
			runOnlyForDeploymentPostprocessing = 0;
		};
/* End PBXResourcesBuildPhase section */

/* Begin PBXSourcesBuildPhase section */
		52AE1AAB29114FF1008849CA /* Sources */ = {
			isa = PBXSourcesBuildPhase;
			buildActionMask = 2147483647;
			files = (
				5227A0EC29129F260025B26F /* YourPetsViewController.swift in Sources */,
				5227A0F52912A6790025B26F /* MorePageViewController.swift in Sources */,
				5235B4E529154A7A00C43734 /* CellForSettingPage.swift in Sources */,
				5235B4E929154D8800C43734 /* SettingViewController.swift in Sources */,
				5225A7DA291BCA57008BCB3A /* DogWalkingTwoViewController.swift in Sources */,
				5227A0E7291299EC0025B26F /* ModelForServicesPage.swift in Sources */,
				523A19EE291908710034ACF5 /* CustomImageView.swift in Sources */,
				52AE1AB729114FF2008849CA /* ViewController.swift in Sources */,
				52DE6068291B7BD300DFE9CF /* CustomTextField.swift in Sources */,
				5212EA72291A53E4007522BD /* ContactPageViewController.swift in Sources */,
				5227A0F02912A0FA0025B26F /* ModelForYourPet.swift in Sources */,
				5212EA6E291A252F007522BD /* CellForReviewsView.swift in Sources */,
				5277695C2913C264003697BE /* CustomTableViewCell.swift in Sources */,
				5286899E291523120087487C /* MainTabBarController.swift in Sources */,
				52AE1AB329114FF2008849CA /* AppDelegate.swift in Sources */,
				523A19F0291909A80034ACF5 /* TrainerPageViewController.swift in Sources */,
				528689A5291545A90087487C /* AddAPetViewController.swift in Sources */,
				5288381A29126648009A4D59 /* CustomUIButtom.swift in Sources */,
				5288381529126188009A4D59 /* GettingStartedViewController.swift in Sources */,
				5227A0F72912A6880025B26F /* ModelForMorePage.swift in Sources */,
				5225A7E1291BDC0A008BCB3A /* CellForYourPet.swift in Sources */,
				523A19E42918E60F0034ACF5 /* CellForDoggyDayCare.swift in Sources */,
				5277694A291397E1003697BE /* CustomCornerRadiusView.swift in Sources */,
				52AE1AB529114FF2008849CA /* SceneDelegate.swift in Sources */,
				5212EA67291A16CD007522BD /* ModelForTrainerPageInfoView.swift in Sources */,
				5227A0E5291298EE0025B26F /* ServicesPageViewController.swift in Sources */,
				52C9AD422913EFF900BC340A /* DogWalkingOneViewController.swift in Sources */,
				5212EA74291A5516007522BD /* ModelForContactPage.swift in Sources */,
				523A19E92918FBC30034ACF5 /* ModelForDoggyDayCare.swift in Sources */,
				528689952914F4980087487C /* CellForMainPage.swift in Sources */,
				52868999291518760087487C /* CellForServicePage.swift in Sources */,
				527769532913B579003697BE /* InboxViewController.swift in Sources */,
				52883809291230C7009A4D59 /* Constants.swift in Sources */,
				527769552913B663003697BE /* ModelForInboxPage.swift in Sources */,
				52EB790D291BB8340007D695 /* LoginPageViewController.swift in Sources */,
				5225A7DC291BCC62008BCB3A /* UploadDetailsViewController.swift in Sources */,
				523A19D52918CB210034ACF5 /* ModelForSettingViewController.swift in Sources */,
				5212EA6A291A189E007522BD /* CellForMorePage.swift in Sources */,
				5288380B291231E6009A4D59 /* ModelForIntrodcutoryPage.swift in Sources */,
				523A19E72918ED030034ACF5 /* DoggyDayCareViewController.swift in Sources */,
				52EB790F291BBAB20007D695 /* SignupPageViewController.swift in Sources */,
			);
			runOnlyForDeploymentPostprocessing = 0;
		};
/* End PBXSourcesBuildPhase section */

/* Begin PBXVariantGroup section */
		52AE1AB829114FF2008849CA /* Main.storyboard */ = {
			isa = PBXVariantGroup;
			children = (
				52AE1AB929114FF2008849CA /* Base */,
			);
			name = Main.storyboard;
			sourceTree = "<group>";
		};
		52AE1ABD29114FF3008849CA /* LaunchScreen.storyboard */ = {
			isa = PBXVariantGroup;
			children = (
				52AE1ABE29114FF3008849CA /* Base */,
			);
			name = LaunchScreen.storyboard;
			sourceTree = "<group>";
		};
/* End PBXVariantGroup section */

/* Begin XCBuildConfiguration section */
		52AE1AC129114FF3008849CA /* Debug */ = {
			isa = XCBuildConfiguration;
			buildSettings = {
				ALWAYS_SEARCH_USER_PATHS = NO;
				CLANG_ANALYZER_NONNULL = YES;
				CLANG_ANALYZER_NUMBER_OBJECT_CONVERSION = YES_AGGRESSIVE;
				CLANG_CXX_LANGUAGE_STANDARD = "gnu++17";
				CLANG_ENABLE_MODULES = YES;
				CLANG_ENABLE_OBJC_ARC = YES;
				CLANG_ENABLE_OBJC_WEAK = YES;
				CLANG_WARN_BLOCK_CAPTURE_AUTORELEASING = YES;
				CLANG_WARN_BOOL_CONVERSION = YES;
				CLANG_WARN_COMMA = YES;
				CLANG_WARN_CONSTANT_CONVERSION = YES;
				CLANG_WARN_DEPRECATED_OBJC_IMPLEMENTATIONS = YES;
				CLANG_WARN_DIRECT_OBJC_ISA_USAGE = YES_ERROR;
				CLANG_WARN_DOCUMENTATION_COMMENTS = YES;
				CLANG_WARN_EMPTY_BODY = YES;
				CLANG_WARN_ENUM_CONVERSION = YES;
				CLANG_WARN_INFINITE_RECURSION = YES;
				CLANG_WARN_INT_CONVERSION = YES;
				CLANG_WARN_NON_LITERAL_NULL_CONVERSION = YES;
				CLANG_WARN_OBJC_IMPLICIT_RETAIN_SELF = YES;
				CLANG_WARN_OBJC_LITERAL_CONVERSION = YES;
				CLANG_WARN_OBJC_ROOT_CLASS = YES_ERROR;
				CLANG_WARN_QUOTED_INCLUDE_IN_FRAMEWORK_HEADER = YES;
				CLANG_WARN_RANGE_LOOP_ANALYSIS = YES;
				CLANG_WARN_STRICT_PROTOTYPES = YES;
				CLANG_WARN_SUSPICIOUS_MOVE = YES;
				CLANG_WARN_UNGUARDED_AVAILABILITY = YES_AGGRESSIVE;
				CLANG_WARN_UNREACHABLE_CODE = YES;
				CLANG_WARN__DUPLICATE_METHOD_MATCH = YES;
				COPY_PHASE_STRIP = NO;
				DEBUG_INFORMATION_FORMAT = dwarf;
				ENABLE_STRICT_OBJC_MSGSEND = YES;
				ENABLE_TESTABILITY = YES;
				GCC_C_LANGUAGE_STANDARD = gnu11;
				GCC_DYNAMIC_NO_PIC = NO;
				GCC_NO_COMMON_BLOCKS = YES;
				GCC_OPTIMIZATION_LEVEL = 0;
				GCC_PREPROCESSOR_DEFINITIONS = (
					"DEBUG=1",
					"$(inherited)",
				);
				GCC_WARN_64_TO_32_BIT_CONVERSION = YES;
				GCC_WARN_ABOUT_RETURN_TYPE = YES_ERROR;
				GCC_WARN_UNDECLARED_SELECTOR = YES;
				GCC_WARN_UNINITIALIZED_AUTOS = YES_AGGRESSIVE;
				GCC_WARN_UNUSED_FUNCTION = YES;
				GCC_WARN_UNUSED_VARIABLE = YES;
				IPHONEOS_DEPLOYMENT_TARGET = 15.5;
				MTL_ENABLE_DEBUG_INFO = INCLUDE_SOURCE;
				MTL_FAST_MATH = YES;
				ONLY_ACTIVE_ARCH = YES;
				SDKROOT = iphoneos;
				SWIFT_ACTIVE_COMPILATION_CONDITIONS = DEBUG;
				SWIFT_OPTIMIZATION_LEVEL = "-Onone";
			};
			name = Debug;
		};
		52AE1AC229114FF3008849CA /* Release */ = {
			isa = XCBuildConfiguration;
			buildSettings = {
				ALWAYS_SEARCH_USER_PATHS = NO;
				CLANG_ANALYZER_NONNULL = YES;
				CLANG_ANALYZER_NUMBER_OBJECT_CONVERSION = YES_AGGRESSIVE;
				CLANG_CXX_LANGUAGE_STANDARD = "gnu++17";
				CLANG_ENABLE_MODULES = YES;
				CLANG_ENABLE_OBJC_ARC = YES;
				CLANG_ENABLE_OBJC_WEAK = YES;
				CLANG_WARN_BLOCK_CAPTURE_AUTORELEASING = YES;
				CLANG_WARN_BOOL_CONVERSION = YES;
				CLANG_WARN_COMMA = YES;
				CLANG_WARN_CONSTANT_CONVERSION = YES;
				CLANG_WARN_DEPRECATED_OBJC_IMPLEMENTATIONS = YES;
				CLANG_WARN_DIRECT_OBJC_ISA_USAGE = YES_ERROR;
				CLANG_WARN_DOCUMENTATION_COMMENTS = YES;
				CLANG_WARN_EMPTY_BODY = YES;
				CLANG_WARN_ENUM_CONVERSION = YES;
				CLANG_WARN_INFINITE_RECURSION = YES;
				CLANG_WARN_INT_CONVERSION = YES;
				CLANG_WARN_NON_LITERAL_NULL_CONVERSION = YES;
				CLANG_WARN_OBJC_IMPLICIT_RETAIN_SELF = YES;
				CLANG_WARN_OBJC_LITERAL_CONVERSION = YES;
				CLANG_WARN_OBJC_ROOT_CLASS = YES_ERROR;
				CLANG_WARN_QUOTED_INCLUDE_IN_FRAMEWORK_HEADER = YES;
				CLANG_WARN_RANGE_LOOP_ANALYSIS = YES;
				CLANG_WARN_STRICT_PROTOTYPES = YES;
				CLANG_WARN_SUSPICIOUS_MOVE = YES;
				CLANG_WARN_UNGUARDED_AVAILABILITY = YES_AGGRESSIVE;
				CLANG_WARN_UNREACHABLE_CODE = YES;
				CLANG_WARN__DUPLICATE_METHOD_MATCH = YES;
				COPY_PHASE_STRIP = NO;
				DEBUG_INFORMATION_FORMAT = "dwarf-with-dsym";
				ENABLE_NS_ASSERTIONS = NO;
				ENABLE_STRICT_OBJC_MSGSEND = YES;
				GCC_C_LANGUAGE_STANDARD = gnu11;
				GCC_NO_COMMON_BLOCKS = YES;
				GCC_WARN_64_TO_32_BIT_CONVERSION = YES;
				GCC_WARN_ABOUT_RETURN_TYPE = YES_ERROR;
				GCC_WARN_UNDECLARED_SELECTOR = YES;
				GCC_WARN_UNINITIALIZED_AUTOS = YES_AGGRESSIVE;
				GCC_WARN_UNUSED_FUNCTION = YES;
				GCC_WARN_UNUSED_VARIABLE = YES;
				IPHONEOS_DEPLOYMENT_TARGET = 15.5;
				MTL_ENABLE_DEBUG_INFO = NO;
				MTL_FAST_MATH = YES;
				SDKROOT = iphoneos;
				SWIFT_COMPILATION_MODE = wholemodule;
				SWIFT_OPTIMIZATION_LEVEL = "-O";
				VALIDATE_PRODUCT = YES;
			};
			name = Release;
		};
		52AE1AC429114FF3008849CA /* Debug */ = {
			isa = XCBuildConfiguration;
			buildSettings = {
				ASSETCATALOG_COMPILER_APPICON_NAME = AppIcon;
				ASSETCATALOG_COMPILER_GLOBAL_ACCENT_COLOR_NAME = AccentColor;
				CODE_SIGN_STYLE = Automatic;
				CURRENT_PROJECT_VERSION = 1;
				DEVELOPMENT_TEAM = KFSUX4TS86;
				GENERATE_INFOPLIST_FILE = YES;
				INFOPLIST_FILE = DogWalkingStoryboard/Info.plist;
				INFOPLIST_KEY_UIApplicationSupportsIndirectInputEvents = YES;
				INFOPLIST_KEY_UILaunchStoryboardName = LaunchScreen;
				INFOPLIST_KEY_UIMainStoryboardFile = Main;
				INFOPLIST_KEY_UISupportedInterfaceOrientations_iPad = "UIInterfaceOrientationPortrait UIInterfaceOrientationPortraitUpsideDown UIInterfaceOrientationLandscapeLeft UIInterfaceOrientationLandscapeRight";
				INFOPLIST_KEY_UISupportedInterfaceOrientations_iPhone = "UIInterfaceOrientationPortrait UIInterfaceOrientationLandscapeLeft UIInterfaceOrientationLandscapeRight";
				LD_RUNPATH_SEARCH_PATHS = (
					"$(inherited)",
					"@executable_path/Frameworks",
				);
				MARKETING_VERSION = 1.0;
				PRODUCT_BUNDLE_IDENTIFIER = Apptix.DogWalkingStoryboard;
				PRODUCT_NAME = "$(TARGET_NAME)";
				SWIFT_EMIT_LOC_STRINGS = YES;
				SWIFT_VERSION = 5.0;
				TARGETED_DEVICE_FAMILY = "1,2";
			};
			name = Debug;
		};
		52AE1AC529114FF3008849CA /* Release */ = {
			isa = XCBuildConfiguration;
			buildSettings = {
				ASSETCATALOG_COMPILER_APPICON_NAME = AppIcon;
				ASSETCATALOG_COMPILER_GLOBAL_ACCENT_COLOR_NAME = AccentColor;
				CODE_SIGN_STYLE = Automatic;
				CURRENT_PROJECT_VERSION = 1;
				DEVELOPMENT_TEAM = KFSUX4TS86;
				GENERATE_INFOPLIST_FILE = YES;
				INFOPLIST_FILE = DogWalkingStoryboard/Info.plist;
				INFOPLIST_KEY_UIApplicationSupportsIndirectInputEvents = YES;
				INFOPLIST_KEY_UILaunchStoryboardName = LaunchScreen;
				INFOPLIST_KEY_UIMainStoryboardFile = Main;
				INFOPLIST_KEY_UISupportedInterfaceOrientations_iPad = "UIInterfaceOrientationPortrait UIInterfaceOrientationPortraitUpsideDown UIInterfaceOrientationLandscapeLeft UIInterfaceOrientationLandscapeRight";
				INFOPLIST_KEY_UISupportedInterfaceOrientations_iPhone = "UIInterfaceOrientationPortrait UIInterfaceOrientationLandscapeLeft UIInterfaceOrientationLandscapeRight";
				LD_RUNPATH_SEARCH_PATHS = (
					"$(inherited)",
					"@executable_path/Frameworks",
				);
				MARKETING_VERSION = 1.0;
				PRODUCT_BUNDLE_IDENTIFIER = Apptix.DogWalkingStoryboard;
				PRODUCT_NAME = "$(TARGET_NAME)";
				SWIFT_EMIT_LOC_STRINGS = YES;
				SWIFT_VERSION = 5.0;
				TARGETED_DEVICE_FAMILY = "1,2";
			};
			name = Release;
		};
/* End XCBuildConfiguration section */

/* Begin XCConfigurationList section */
		52AE1AAA29114FF1008849CA /* Build configuration list for PBXProject "DogWalkingStoryboard" */ = {
			isa = XCConfigurationList;
			buildConfigurations = (
				52AE1AC129114FF3008849CA /* Debug */,
				52AE1AC229114FF3008849CA /* Release */,
			);
			defaultConfigurationIsVisible = 0;
			defaultConfigurationName = Release;
		};
		52AE1AC329114FF3008849CA /* Build configuration list for PBXNativeTarget "DogWalkingStoryboard" */ = {
			isa = XCConfigurationList;
			buildConfigurations = (
				52AE1AC429114FF3008849CA /* Debug */,
				52AE1AC529114FF3008849CA /* Release */,
			);
			defaultConfigurationIsVisible = 0;
			defaultConfigurationName = Release;
		};
/* End XCConfigurationList section */
	};
	rootObject = 52AE1AA729114FF1008849CA /* Project object */;
}
