// !$*UTF8*$!
{
	archiveVersion = 1;
	classes = {
	};
	objectVersion = 55;
	objects = {

/* Begin PBXBuildFile section */
		52AE1AB329114FF2008849CA /* AppDelegate.swift in Sources */ = {isa = PBXBuildFile; fileRef = 52AE1AB229114FF2008849CA /* AppDelegate.swift */; };
		52AE1AB529114FF2008849CA /* SceneDelegate.swift in Sources */ = {isa = PBXBuildFile; fileRef = 52AE1AB429114FF2008849CA /* SceneDelegate.swift */; };
		52AE1AB729114FF2008849CA /* ViewController.swift in Sources */ = {isa = PBXBuildFile; fileRef = 52AE1AB629114FF2008849CA /* ViewController.swift */; };
		52AE1ABA29114FF2008849CA /* Main.storyboard in Resources */ = {isa = PBXBuildFile; fileRef = 52AE1AB829114FF2008849CA /* Main.storyboard */; };
		52AE1ABC29114FF3008849CA /* Assets.xcassets in Resources */ = {isa = PBXBuildFile; fileRef = 52AE1ABB29114FF3008849CA /* Assets.xcassets */; };
		52AE1ABF29114FF3008849CA /* LaunchScreen.storyboard in Resources */ = {isa = PBXBuildFile; fileRef = 52AE1ABD29114FF3008849CA /* LaunchScreen.storyboard */; };
/* End PBXBuildFile section */

/* Begin PBXFileReference section */
		52AE1AAF29114FF2008849CA /* DogWalkingStoryboard.app */ = {isa = PBXFileReference; explicitFileType = wrapper.application; includeInIndex = 0; path = DogWalkingStoryboard.app; sourceTree = BUILT_PRODUCTS_DIR; };
		52AE1AB229114FF2008849CA /* AppDelegate.swift */ = {isa = PBXFileReference; lastKnownFileType = sourcecode.swift; path = AppDelegate.swift; sourceTree = "<group>"; };
		52AE1AB429114FF2008849CA /* SceneDelegate.swift */ = {isa = PBXFileReference; lastKnownFileType = sourcecode.swift; path = SceneDelegate.swift; sourceTree = "<group>"; };
		52AE1AB629114FF2008849CA /* ViewController.swift */ = {isa = PBXFileReference; lastKnownFileType = sourcecode.swift; path = ViewController.swift; sourceTree = "<group>"; };
		52AE1AB929114FF2008849CA /* Base */ = {isa = PBXFileReference; lastKnownFileType = file.storyboard; name = Base; path = Base.lproj/Main.storyboard; sourceTree = "<group>"; };
		52AE1ABB29114FF3008849CA /* Assets.xcassets */ = {isa = PBXFileReference; lastKnownFileType = folder.assetcatalog; path = Assets.xcassets; sourceTree = "<group>"; };
		52AE1ABE29114FF3008849CA /* Base */ = {isa = PBXFileReference; lastKnownFileType = file.storyboard; name = Base; path = Base.lproj/LaunchScreen.storyboard; sourceTree = "<group>"; };
		52AE1AC029114FF3008849CA /* Info.plist */ = {isa = PBXFileReference; lastKnownFileType = text.plist.xml; path = Info.plist; sourceTree = "<group>"; };
/* End PBXFileReference section */

/* Begin PBXFrameworksBuildPhase section */
		52AE1AAC29114FF1008849CA /* Frameworks */ = {
			isa = PBXFrameworksBuildPhase;
			buildActionMask = 2147483647;
			files = (
			);
			runOnlyForDeploymentPostprocessing = 0;
		};
/* End PBXFrameworksBuildPhase section */

/* Begin PBXGroup section */
		52AE1AA629114FF1008849CA = {
			isa = PBXGroup;
			children = (
				52AE1AB129114FF2008849CA /* DogWalkingStoryboard */,
				52AE1AB029114FF2008849CA /* Products */,
			);
			sourceTree = "<group>";
		};
		52AE1AB029114FF2008849CA /* Products */ = {
			isa = PBXGroup;
			children = (
				52AE1AAF29114FF2008849CA /* DogWalkingStoryboard.app */,
			);
			name = Products;
			sourceTree = "<group>";
		};
		52AE1AB129114FF2008849CA /* DogWalkingStoryboard */ = {
			isa = PBXGroup;
			children = (
				52AE1AC929115AC1008849CA /* Additional */,
				52AE1AC629115A7B008849CA /* SplashPages */,
				52AE1AC029114FF3008849CA /* Info.plist */,
			);
			path = DogWalkingStoryboard;
			sourceTree = "<group>";
		};
		52AE1AC629115A7B008849CA /* SplashPages */ = {
			isa = PBXGroup;
			children = (
				52AE1AC729115A90008849CA /* SplashPage */,
				52AE1AC829115A9D008849CA /* IntroductoryPage */,
			);
			path = SplashPages;
			sourceTree = "<group>";
		};
		52AE1AC729115A90008849CA /* SplashPage */ = {
			isa = PBXGroup;
			children = (
				52AE1ACD29115B17008849CA /* View */,
			);
			path = SplashPage;
			sourceTree = "<group>";
		};
		52AE1AC829115A9D008849CA /* IntroductoryPage */ = {
			isa = PBXGroup;
			children = (
				52AE1ACA29115AE9008849CA /* Model */,
				52AE1ACB29115AF3008849CA /* View */,
				52AE1ACC29115AF9008849CA /* Controller */,
			);
			path = IntroductoryPage;
			sourceTree = "<group>";
		};
		52AE1AC929115AC1008849CA /* Additional */ = {
			isa = PBXGroup;
			children = (
				52AE1AB229114FF2008849CA /* AppDelegate.swift */,
				52AE1AB429114FF2008849CA /* SceneDelegate.swift */,
				52AE1ABB29114FF3008849CA /* Assets.xcassets */,
			);
			path = Additional;
			sourceTree = "<group>";
		};
		52AE1ACA29115AE9008849CA /* Model */ = {
			isa = PBXGroup;
			children = (
			);
			path = Model;
			sourceTree = "<group>";
		};
		52AE1ACB29115AF3008849CA /* View */ = {
			isa = PBXGroup;
			children = (
				52AE1AB829114FF2008849CA /* Main.storyboard */,
			);
			path = View;
			sourceTree = "<group>";
		};
		52AE1ACC29115AF9008849CA /* Controller */ = {
			isa = PBXGroup;
			children = (
				52AE1AB629114FF2008849CA /* ViewController.swift */,
			);
			path = Controller;
			sourceTree = "<group>";
		};
		52AE1ACD29115B17008849CA /* View */ = {
			isa = PBXGroup;
			children = (
				52AE1ABD29114FF3008849CA /* LaunchScreen.storyboard */,
			);
			path = View;
			sourceTree = "<group>";
		};
/* End PBXGroup section */

/* Begin PBXNativeTarget section */
		52AE1AAE29114FF1008849CA /* DogWalkingStoryboard */ = {
			isa = PBXNativeTarget;
			buildConfigurationList = 52AE1AC329114FF3008849CA /* Build configuration list for PBXNativeTarget "DogWalkingStoryboard" */;
			buildPhases = (
				52AE1AAB29114FF1008849CA /* Sources */,
				52AE1AAC29114FF1008849CA /* Frameworks */,
				52AE1AAD29114FF1008849CA /* Resources */,
			);
			buildRules = (
			);
			dependencies = (
			);
			name = DogWalkingStoryboard;
			productName = DogWalkingStoryboard;
			productReference = 52AE1AAF29114FF2008849CA /* DogWalkingStoryboard.app */;
			productType = "com.apple.product-type.application";
		};
/* End PBXNativeTarget section */

/* Begin PBXProject section */
		52AE1AA729114FF1008849CA /* Project object */ = {
			isa = PBXProject;
			attributes = {
				BuildIndependentTargetsInParallel = 1;
				LastSwiftUpdateCheck = 1340;
				LastUpgradeCheck = 1340;
				TargetAttributes = {
					52AE1AAE29114FF1008849CA = {
						CreatedOnToolsVersion = 13.4.1;
					};
				};
			};
			buildConfigurationList = 52AE1AAA29114FF1008849CA /* Build configuration list for PBXProject "DogWalkingStoryboard" */;
			compatibilityVersion = "Xcode 13.0";
			developmentRegion = en;
			hasScannedForEncodings = 0;
			knownRegions = (
				en,
				Base,
			);
			mainGroup = 52AE1AA629114FF1008849CA;
			productRefGroup = 52AE1AB029114FF2008849CA /* Products */;
			projectDirPath = "";
			projectRoot = "";
			targets = (
				52AE1AAE29114FF1008849CA /* DogWalkingStoryboard */,
			);
		};
/* End PBXProject section */

/* Begin PBXResourcesBuildPhase section */
		52AE1AAD29114FF1008849CA /* Resources */ = {
			isa = PBXResourcesBuildPhase;
			buildActionMask = 2147483647;
			files = (
				52AE1ABF29114FF3008849CA /* LaunchScreen.storyboard in Resources */,
				52AE1ABC29114FF3008849CA /* Assets.xcassets in Resources */,
				52AE1ABA29114FF2008849CA /* Main.storyboard in Resources */,
			);
			runOnlyForDeploymentPostprocessing = 0;
		};
/* End PBXResourcesBuildPhase section */

/* Begin PBXSourcesBuildPhase section */
		52AE1AAB29114FF1008849CA /* Sources */ = {
			isa = PBXSourcesBuildPhase;
			buildActionMask = 2147483647;
			files = (
				52AE1AB729114FF2008849CA /* ViewController.swift in Sources */,
				52AE1AB329114FF2008849CA /* AppDelegate.swift in Sources */,
				52AE1AB529114FF2008849CA /* SceneDelegate.swift in Sources */,
			);
			runOnlyForDeploymentPostprocessing = 0;
		};
/* End PBXSourcesBuildPhase section */

/* Begin PBXVariantGroup section */
		52AE1AB829114FF2008849CA /* Main.storyboard */ = {
			isa = PBXVariantGroup;
			children = (
				52AE1AB929114FF2008849CA /* Base */,
			);
			name = Main.storyboard;
			sourceTree = "<group>";
		};
		52AE1ABD29114FF3008849CA /* LaunchScreen.storyboard */ = {
			isa = PBXVariantGroup;
			children = (
				52AE1ABE29114FF3008849CA /* Base */,
			);
			name = LaunchScreen.storyboard;
			sourceTree = "<group>";
		};
/* End PBXVariantGroup section */

/* Begin XCBuildConfiguration section */
		52AE1AC129114FF3008849CA /* Debug */ = {
			isa = XCBuildConfiguration;
			buildSettings = {
				ALWAYS_SEARCH_USER_PATHS = NO;
				CLANG_ANALYZER_NONNULL = YES;
				CLANG_ANALYZER_NUMBER_OBJECT_CONVERSION = YES_AGGRESSIVE;
				CLANG_CXX_LANGUAGE_STANDARD = "gnu++17";
				CLANG_ENABLE_MODULES = YES;
				CLANG_ENABLE_OBJC_ARC = YES;
				CLANG_ENABLE_OBJC_WEAK = YES;
				CLANG_WARN_BLOCK_CAPTURE_AUTORELEASING = YES;
				CLANG_WARN_BOOL_CONVERSION = YES;
				CLANG_WARN_COMMA = YES;
				CLANG_WARN_CONSTANT_CONVERSION = YES;
				CLANG_WARN_DEPRECATED_OBJC_IMPLEMENTATIONS = YES;
				CLANG_WARN_DIRECT_OBJC_ISA_USAGE = YES_ERROR;
				CLANG_WARN_DOCUMENTATION_COMMENTS = YES;
				CLANG_WARN_EMPTY_BODY = YES;
				CLANG_WARN_ENUM_CONVERSION = YES;
				CLANG_WARN_INFINITE_RECURSION = YES;
				CLANG_WARN_INT_CONVERSION = YES;
				CLANG_WARN_NON_LITERAL_NULL_CONVERSION = YES;
				CLANG_WARN_OBJC_IMPLICIT_RETAIN_SELF = YES;
				CLANG_WARN_OBJC_LITERAL_CONVERSION = YES;
				CLANG_WARN_OBJC_ROOT_CLASS = YES_ERROR;
				CLANG_WARN_QUOTED_INCLUDE_IN_FRAMEWORK_HEADER = YES;
				CLANG_WARN_RANGE_LOOP_ANALYSIS = YES;
				CLANG_WARN_STRICT_PROTOTYPES = YES;
				CLANG_WARN_SUSPICIOUS_MOVE = YES;
				CLANG_WARN_UNGUARDED_AVAILABILITY = YES_AGGRESSIVE;
				CLANG_WARN_UNREACHABLE_CODE = YES;
				CLANG_WARN__DUPLICATE_METHOD_MATCH = YES;
				COPY_PHASE_STRIP = NO;
				DEBUG_INFORMATION_FORMAT = dwarf;
				ENABLE_STRICT_OBJC_MSGSEND = YES;
				ENABLE_TESTABILITY = YES;
				GCC_C_LANGUAGE_STANDARD = gnu11;
				GCC_DYNAMIC_NO_PIC = NO;
				GCC_NO_COMMON_BLOCKS = YES;
				GCC_OPTIMIZATION_LEVEL = 0;
				GCC_PREPROCESSOR_DEFINITIONS = (
					"DEBUG=1",
					"$(inherited)",
				);
				GCC_WARN_64_TO_32_BIT_CONVERSION = YES;
				GCC_WARN_ABOUT_RETURN_TYPE = YES_ERROR;
				GCC_WARN_UNDECLARED_SELECTOR = YES;
				GCC_WARN_UNINITIALIZED_AUTOS = YES_AGGRESSIVE;
				GCC_WARN_UNUSED_FUNCTION = YES;
				GCC_WARN_UNUSED_VARIABLE = YES;
				IPHONEOS_DEPLOYMENT_TARGET = 15.5;
				MTL_ENABLE_DEBUG_INFO = INCLUDE_SOURCE;
				MTL_FAST_MATH = YES;
				ONLY_ACTIVE_ARCH = YES;
				SDKROOT = iphoneos;
				SWIFT_ACTIVE_COMPILATION_CONDITIONS = DEBUG;
				SWIFT_OPTIMIZATION_LEVEL = "-Onone";
			};
			name = Debug;
		};
		52AE1AC229114FF3008849CA /* Release */ = {
			isa = XCBuildConfiguration;
			buildSettings = {
				ALWAYS_SEARCH_USER_PATHS = NO;
				CLANG_ANALYZER_NONNULL = YES;
				CLANG_ANALYZER_NUMBER_OBJECT_CONVERSION = YES_AGGRESSIVE;
				CLANG_CXX_LANGUAGE_STANDARD = "gnu++17";
				CLANG_ENABLE_MODULES = YES;
				CLANG_ENABLE_OBJC_ARC = YES;
				CLANG_ENABLE_OBJC_WEAK = YES;
				CLANG_WARN_BLOCK_CAPTURE_AUTORELEASING = YES;
				CLANG_WARN_BOOL_CONVERSION = YES;
				CLANG_WARN_COMMA = YES;
				CLANG_WARN_CONSTANT_CONVERSION = YES;
				CLANG_WARN_DEPRECATED_OBJC_IMPLEMENTATIONS = YES;
				CLANG_WARN_DIRECT_OBJC_ISA_USAGE = YES_ERROR;
				CLANG_WARN_DOCUMENTATION_COMMENTS = YES;
				CLANG_WARN_EMPTY_BODY = YES;
				CLANG_WARN_ENUM_CONVERSION = YES;
				CLANG_WARN_INFINITE_RECURSION = YES;
				CLANG_WARN_INT_CONVERSION = YES;
				CLANG_WARN_NON_LITERAL_NULL_CONVERSION = YES;
				CLANG_WARN_OBJC_IMPLICIT_RETAIN_SELF = YES;
				CLANG_WARN_OBJC_LITERAL_CONVERSION = YES;
				CLANG_WARN_OBJC_ROOT_CLASS = YES_ERROR;
				CLANG_WARN_QUOTED_INCLUDE_IN_FRAMEWORK_HEADER = YES;
				CLANG_WARN_RANGE_LOOP_ANALYSIS = YES;
				CLANG_WARN_STRICT_PROTOTYPES = YES;
				CLANG_WARN_SUSPICIOUS_MOVE = YES;
				CLANG_WARN_UNGUARDED_AVAILABILITY = YES_AGGRESSIVE;
				CLANG_WARN_UNREACHABLE_CODE = YES;
				CLANG_WARN__DUPLICATE_METHOD_MATCH = YES;
				COPY_PHASE_STRIP = NO;
				DEBUG_INFORMATION_FORMAT = "dwarf-with-dsym";
				ENABLE_NS_ASSERTIONS = NO;
				ENABLE_STRICT_OBJC_MSGSEND = YES;
				GCC_C_LANGUAGE_STANDARD = gnu11;
				GCC_NO_COMMON_BLOCKS = YES;
				GCC_WARN_64_TO_32_BIT_CONVERSION = YES;
				GCC_WARN_ABOUT_RETURN_TYPE = YES_ERROR;
				GCC_WARN_UNDECLARED_SELECTOR = YES;
				GCC_WARN_UNINITIALIZED_AUTOS = YES_AGGRESSIVE;
				GCC_WARN_UNUSED_FUNCTION = YES;
				GCC_WARN_UNUSED_VARIABLE = YES;
				IPHONEOS_DEPLOYMENT_TARGET = 15.5;
				MTL_ENABLE_DEBUG_INFO = NO;
				MTL_FAST_MATH = YES;
				SDKROOT = iphoneos;
				SWIFT_COMPILATION_MODE = wholemodule;
				SWIFT_OPTIMIZATION_LEVEL = "-O";
				VALIDATE_PRODUCT = YES;
			};
			name = Release;
		};
		52AE1AC429114FF3008849CA /* Debug */ = {
			isa = XCBuildConfiguration;
			buildSettings = {
				ASSETCATALOG_COMPILER_APPICON_NAME = AppIcon;
				ASSETCATALOG_COMPILER_GLOBAL_ACCENT_COLOR_NAME = AccentColor;
				CODE_SIGN_STYLE = Automatic;
				CURRENT_PROJECT_VERSION = 1;
				DEVELOPMENT_TEAM = KFSUX4TS86;
				GENERATE_INFOPLIST_FILE = YES;
				INFOPLIST_FILE = DogWalkingStoryboard/Info.plist;
				INFOPLIST_KEY_UIApplicationSupportsIndirectInputEvents = YES;
				INFOPLIST_KEY_UILaunchStoryboardName = LaunchScreen;
				INFOPLIST_KEY_UIMainStoryboardFile = Main;
				INFOPLIST_KEY_UISupportedInterfaceOrientations_iPad = "UIInterfaceOrientationPortrait UIInterfaceOrientationPortraitUpsideDown UIInterfaceOrientationLandscapeLeft UIInterfaceOrientationLandscapeRight";
				INFOPLIST_KEY_UISupportedInterfaceOrientations_iPhone = "UIInterfaceOrientationPortrait UIInterfaceOrientationLandscapeLeft UIInterfaceOrientationLandscapeRight";
				LD_RUNPATH_SEARCH_PATHS = (
					"$(inherited)",
					"@executable_path/Frameworks",
				);
				MARKETING_VERSION = 1.0;
				PRODUCT_BUNDLE_IDENTIFIER = Apptix.DogWalkingStoryboard;
				PRODUCT_NAME = "$(TARGET_NAME)";
				SWIFT_EMIT_LOC_STRINGS = YES;
				SWIFT_VERSION = 5.0;
				TARGETED_DEVICE_FAMILY = "1,2";
			};
			name = Debug;
		};
		52AE1AC529114FF3008849CA /* Release */ = {
			isa = XCBuildConfiguration;
			buildSettings = {
				ASSETCATALOG_COMPILER_APPICON_NAME = AppIcon;
				ASSETCATALOG_COMPILER_GLOBAL_ACCENT_COLOR_NAME = AccentColor;
				CODE_SIGN_STYLE = Automatic;
				CURRENT_PROJECT_VERSION = 1;
				DEVELOPMENT_TEAM = KFSUX4TS86;
				GENERATE_INFOPLIST_FILE = YES;
				INFOPLIST_FILE = DogWalkingStoryboard/Info.plist;
				INFOPLIST_KEY_UIApplicationSupportsIndirectInputEvents = YES;
				INFOPLIST_KEY_UILaunchStoryboardName = LaunchScreen;
				INFOPLIST_KEY_UIMainStoryboardFile = Main;
				INFOPLIST_KEY_UISupportedInterfaceOrientations_iPad = "UIInterfaceOrientationPortrait UIInterfaceOrientationPortraitUpsideDown UIInterfaceOrientationLandscapeLeft UIInterfaceOrientationLandscapeRight";
				INFOPLIST_KEY_UISupportedInterfaceOrientations_iPhone = "UIInterfaceOrientationPortrait UIInterfaceOrientationLandscapeLeft UIInterfaceOrientationLandscapeRight";
				LD_RUNPATH_SEARCH_PATHS = (
					"$(inherited)",
					"@executable_path/Frameworks",
				);
				MARKETING_VERSION = 1.0;
				PRODUCT_BUNDLE_IDENTIFIER = Apptix.DogWalkingStoryboard;
				PRODUCT_NAME = "$(TARGET_NAME)";
				SWIFT_EMIT_LOC_STRINGS = YES;
				SWIFT_VERSION = 5.0;
				TARGETED_DEVICE_FAMILY = "1,2";
			};
			name = Release;
		};
/* End XCBuildConfiguration section */

/* Begin XCConfigurationList section */
		52AE1AAA29114FF1008849CA /* Build configuration list for PBXProject "DogWalkingStoryboard" */ = {
			isa = XCConfigurationList;
			buildConfigurations = (
				52AE1AC129114FF3008849CA /* Debug */,
				52AE1AC229114FF3008849CA /* Release */,
			);
			defaultConfigurationIsVisible = 0;
			defaultConfigurationName = Release;
		};
		52AE1AC329114FF3008849CA /* Build configuration list for PBXNativeTarget "DogWalkingStoryboard" */ = {
			isa = XCConfigurationList;
			buildConfigurations = (
				52AE1AC429114FF3008849CA /* Debug */,
				52AE1AC529114FF3008849CA /* Release */,
			);
			defaultConfigurationIsVisible = 0;
			defaultConfigurationName = Release;
		};
/* End XCConfigurationList section */
	};
	rootObject = 52AE1AA729114FF1008849CA /* Project object */;
}
